
Microsoft Visual Studio Solution File, Format Version 12.00
# Visual Studio 15
VisualStudioVersion = 15.0.28307.539
MinimumVisualStudioVersion = 10.0.40219.1
Project("{FAE04EC0-301F-11D3-BF4B-00C04F79EFBC}") = "RPSLS", "RPSLS\RPSLS.csproj", "{5EEE300D-E513-41EA-A5A2-51EE9E5AC807}"
EndProject
Global
	GlobalSection(SolutionConfigurationPlatforms) = preSolution
		Debug|Any CPU = Debug|Any CPU
		Release|Any CPU = Release|Any CPU
	EndGlobalSection
	GlobalSection(ProjectConfigurationPlatforms) = postSolution
		{5EEE300D-E513-41EA-A5A2-51EE9E5AC807}.Debug|Any CPU.ActiveCfg = Debug|Any CPU
		{5EEE300D-E513-41EA-A5A2-51EE9E5AC807}.Debug|Any CPU.Build.0 = Debug|Any CPU
		{5EEE300D-E513-41EA-A5A2-51EE9E5AC807}.Release|Any CPU.ActiveCfg = Release|Any CPU
		{5EEE300D-E513-41EA-A5A2-51EE9E5AC807}.Release|Any CPU.Build.0 = Release|Any CPU
	EndGlobalSection
	GlobalSection(SolutionProperties) = preSolution
		HideSolutionNode = FALSE
	EndGlobalSection
	GlobalSection(ExtensibilityGlobals) = postSolution
		SolutionGuid = {0408DC6C-9F4D-498F-AF7C-3D7E865488F2}
	EndGlobalSection
EndGlobal
